
Microsoft Visual Studio Solution File, Format Version 12.00
# Visual Studio Version 17
VisualStudioVersion = 17.10.34928.147
MinimumVisualStudioVersion = 10.0.40219.1
Project("{FAE04EC0-301F-11D3-BF4B-00C04F79EFBC}") = "RedisCachingWebAPI", "RedisCachingWebAPI\RedisCachingWebAPI.csproj", "{541523C4-97FD-4FDA-B414-D6E2A15F7F8B}"
EndProject
Global
	GlobalSection(SolutionConfigurationPlatforms) = preSolution
		Debug|Any CPU = Debug|Any CPU
		Release|Any CPU = Release|Any CPU
	EndGlobalSection
	GlobalSection(ProjectConfigurationPlatforms) = postSolution
		{541523C4-97FD-4FDA-B414-D6E2A15F7F8B}.Debug|Any CPU.ActiveCfg = Debug|Any CPU
		{541523C4-97FD-4FDA-B414-D6E2A15F7F8B}.Debug|Any CPU.Build.0 = Debug|Any CPU
		{541523C4-97FD-4FDA-B414-D6E2A15F7F8B}.Release|Any CPU.ActiveCfg = Release|Any CPU
		{541523C4-97FD-4FDA-B414-D6E2A15F7F8B}.Release|Any CPU.Build.0 = Release|Any CPU
	EndGlobalSection
	GlobalSection(SolutionProperties) = preSolution
		HideSolutionNode = FALSE
	EndGlobalSection
	GlobalSection(ExtensibilityGlobals) = postSolution
		SolutionGuid = {1EE03D17-A1A4-4D94-8303-A8A32B932E22}
	EndGlobalSection
EndGlobal
